
Microsoft Visual Studio Solution File, Format Version 12.00
# Visual Studio Version 16
VisualStudioVersion = 16.0.31729.503
MinimumVisualStudioVersion = 10.0.40219.1
Project("{FAE04EC0-301F-11D3-BF4B-00C04F79EFBC}") = "FilesCloner", "FilesCloner\FilesCloner.csproj", "{73E3E114-6204-4861-86C9-61C945F349E1}"
EndProject
Global
	GlobalSection(SolutionConfigurationPlatforms) = preSolution
		Debug|Any CPU = Debug|Any CPU
		Release|Any CPU = Release|Any CPU
	EndGlobalSection
	GlobalSection(ProjectConfigurationPlatforms) = postSolution
		{73E3E114-6204-4861-86C9-61C945F349E1}.Debug|Any CPU.ActiveCfg = Debug|Any CPU
		{73E3E114-6204-4861-86C9-61C945F349E1}.Debug|Any CPU.Build.0 = Debug|Any CPU
		{73E3E114-6204-4861-86C9-61C945F349E1}.Release|Any CPU.ActiveCfg = Release|Any CPU
		{73E3E114-6204-4861-86C9-61C945F349E1}.Release|Any CPU.Build.0 = Release|Any CPU
	EndGlobalSection
	GlobalSection(SolutionProperties) = preSolution
		HideSolutionNode = FALSE
	EndGlobalSection
	GlobalSection(ExtensibilityGlobals) = postSolution
		SolutionGuid = {B35B4E8F-8331-4FF3-8235-92E251B4BE26}
	EndGlobalSection
EndGlobal
